// !$*UTF8*$!
{
	archiveVersion = 1;
	classes = {
	};
	objectVersion = 55;
	objects = {

/* Begin PBXBuildFile section */
		D51D76C927E77A9B00BE01F7 /* AppDelegate.swift in Sources */ = {isa = PBXBuildFile; fileRef = D51D76C827E77A9B00BE01F7 /* AppDelegate.swift */; };
		D51D76CB27E77A9B00BE01F7 /* SceneDelegate.swift in Sources */ = {isa = PBXBuildFile; fileRef = D51D76CA27E77A9B00BE01F7 /* SceneDelegate.swift */; };
		D51D76CD27E77A9B00BE01F7 /* StartViewController.swift in Sources */ = {isa = PBXBuildFile; fileRef = D51D76CC27E77A9B00BE01F7 /* StartViewController.swift */; };
		D51D76D227E77A9D00BE01F7 /* Assets.xcassets in Resources */ = {isa = PBXBuildFile; fileRef = D51D76D127E77A9D00BE01F7 /* Assets.xcassets */; };
		D51D76D527E77A9D00BE01F7 /* LaunchScreen.storyboard in Resources */ = {isa = PBXBuildFile; fileRef = D51D76D327E77A9D00BE01F7 /* LaunchScreen.storyboard */; };
		D51D76E127E77F1D00BE01F7 /* Main.storyboard in Resources */ = {isa = PBXBuildFile; fileRef = D51D76E027E77F1D00BE01F7 /* Main.storyboard */; };
		D51D76E727E794E100BE01F7 /* LabelExtension.swift in Sources */ = {isa = PBXBuildFile; fileRef = D51D76E627E794E100BE01F7 /* LabelExtension.swift */; };
		D51D76E927E7958D00BE01F7 /* ButtonExtension.swift in Sources */ = {isa = PBXBuildFile; fileRef = D51D76E827E7958D00BE01F7 /* ButtonExtension.swift */; };
		D51D76ED27E86CD900BE01F7 /* FontExtensions.swift in Sources */ = {isa = PBXBuildFile; fileRef = D51D76EC27E86CD900BE01F7 /* FontExtensions.swift */; };
		D51D76EF27E8739200BE01F7 /* StartScreenPresenter.swift in Sources */ = {isa = PBXBuildFile; fileRef = D51D76EE27E8739200BE01F7 /* StartScreenPresenter.swift */; };
		D51D76F227E8792400BE01F7 /* Router.swift in Sources */ = {isa = PBXBuildFile; fileRef = D51D76F127E8792400BE01F7 /* Router.swift */; };
		D51D76F427E8795900BE01F7 /* ModuleBuilder.swift in Sources */ = {isa = PBXBuildFile; fileRef = D51D76F327E8795900BE01F7 /* ModuleBuilder.swift */; };
		D55CF48F27F4E394007C7196 /* AddPlayersViewController.swift in Sources */ = {isa = PBXBuildFile; fileRef = D55CF48E27F4E394007C7196 /* AddPlayersViewController.swift */; };
		D55CF49327F4E3E7007C7196 /* AddPlayersPresenter.swift in Sources */ = {isa = PBXBuildFile; fileRef = D55CF49227F4E3E7007C7196 /* AddPlayersPresenter.swift */; };
		D55CF49927F4EAF9007C7196 /* CustomCell.swift in Sources */ = {isa = PBXBuildFile; fileRef = D55CF49827F4EAF9007C7196 /* CustomCell.swift */; };
		D56409A32804BC28004D4D90 /* Rules.swift in Sources */ = {isa = PBXBuildFile; fileRef = D56409A22804BC28004D4D90 /* Rules.swift */; };
		D56B601727F9A40900446962 /* SpyGameViewController.swift in Sources */ = {isa = PBXBuildFile; fileRef = D56B601627F9A40900446962 /* SpyGameViewController.swift */; };
		D56B601A27F9A4D100446962 /* SpyGamePresenter.swift in Sources */ = {isa = PBXBuildFile; fileRef = D56B601927F9A4D100446962 /* SpyGamePresenter.swift */; };
		D56B601E27F9F9F200446962 /* DictionaryExtension.swift in Sources */ = {isa = PBXBuildFile; fileRef = D56B601D27F9F9F200446962 /* DictionaryExtension.swift */; };
		D56B602027FA3E0900446962 /* TextsForTitle.swift in Sources */ = {isa = PBXBuildFile; fileRef = D56B601F27FA3E0900446962 /* TextsForTitle.swift */; };
		D575031A2803246B00A866C2 /* UIScrollView+EmptyDataSet.m in Sources */ = {isa = PBXBuildFile; fileRef = D57503182803246B00A866C2 /* UIScrollView+EmptyDataSet.m */; };
		D575031D280324C100A866C2 /* AddPlayersViewControllerExtension.swift in Sources */ = {isa = PBXBuildFile; fileRef = D575031C280324C100A866C2 /* AddPlayersViewControllerExtension.swift */; };
		D575031F28034DB500A866C2 /* ReadyStartGamveViewController.swift in Sources */ = {isa = PBXBuildFile; fileRef = D575031E28034DB500A866C2 /* ReadyStartGamveViewController.swift */; };
		D575032128034DF400A866C2 /* ReadyStartGamePresenter.swift in Sources */ = {isa = PBXBuildFile; fileRef = D575032028034DF400A866C2 /* ReadyStartGamePresenter.swift */; };
		D58A91E8280725B3001382CF /* StoreKit.framework in Frameworks */ = {isa = PBXBuildFile; fileRef = D58A91E7280725B3001382CF /* StoreKit.framework */; };
		D58A91EA280729C0001382CF /* DonateViewController.swift in Sources */ = {isa = PBXBuildFile; fileRef = D58A91E9280729C0001382CF /* DonateViewController.swift */; };
		D58A91EC280729ED001382CF /* DonatePresenter.swift in Sources */ = {isa = PBXBuildFile; fileRef = D58A91EB280729ED001382CF /* DonatePresenter.swift */; };
		D59CCC2C28005126007AFB17 /* EndGameViewController.swift in Sources */ = {isa = PBXBuildFile; fileRef = D59CCC2B28005126007AFB17 /* EndGameViewController.swift */; };
		D59CCC2E28005167007AFB17 /* EndGamePresenter.swift in Sources */ = {isa = PBXBuildFile; fileRef = D59CCC2D28005167007AFB17 /* EndGamePresenter.swift */; };
		D5DD7F6827FF660900C3C5B3 /* StopTimerViewController.swift in Sources */ = {isa = PBXBuildFile; fileRef = D5DD7F6727FF660900C3C5B3 /* StopTimerViewController.swift */; };
		D5DD7F6A27FF664200C3C5B3 /* StopTimerPresenter.swift in Sources */ = {isa = PBXBuildFile; fileRef = D5DD7F6927FF664200C3C5B3 /* StopTimerPresenter.swift */; };
		D5E178AD27EC75CD001E3268 /* LocationsViewController.swift in Sources */ = {isa = PBXBuildFile; fileRef = D5E178AC27EC75CD001E3268 /* LocationsViewController.swift */; };
		D5E178B127EC7686001E3268 /* LocationsPresenter.swift in Sources */ = {isa = PBXBuildFile; fileRef = D5E178B027EC7686001E3268 /* LocationsPresenter.swift */; };
		D5E178B427F38593001E3268 /* myCell.swift in Sources */ = {isa = PBXBuildFile; fileRef = D5E178B327F38593001E3268 /* myCell.swift */; };
		D5F7FAFF27E9C79A00A96110 /* CreateGameViewController.swift in Sources */ = {isa = PBXBuildFile; fileRef = D5F7FAFE27E9C79A00A96110 /* CreateGameViewController.swift */; };
		D5F7FB0527E9C8BF00A96110 /* CreateGamePresenter.swift in Sources */ = {isa = PBXBuildFile; fileRef = D5F7FB0427E9C8BF00A96110 /* CreateGamePresenter.swift */; };
		D5F7FB0727E9EFA000A96110 /* RulesViewController.swift in Sources */ = {isa = PBXBuildFile; fileRef = D5F7FB0627E9EFA000A96110 /* RulesViewController.swift */; };
		D5F7FB0D27E9F02F00A96110 /* RulesPresenter.swift in Sources */ = {isa = PBXBuildFile; fileRef = D5F7FB0C27E9F02F00A96110 /* RulesPresenter.swift */; };
		D5F7FB0F27E9FEBA00A96110 /* ViewWithLabelAndButtons.swift in Sources */ = {isa = PBXBuildFile; fileRef = D5F7FB0E27E9FEBA00A96110 /* ViewWithLabelAndButtons.swift */; };
		D5F7FB1227EA5FEA00A96110 /* GameSettingModel.swift in Sources */ = {isa = PBXBuildFile; fileRef = D5F7FB1127EA5FEA00A96110 /* GameSettingModel.swift */; };
		D5FBE26327FCDAA90034024A /* TimerViewController.swift in Sources */ = {isa = PBXBuildFile; fileRef = D5FBE26227FCDAA90034024A /* TimerViewController.swift */; };
		D5FBE26527FCDAF40034024A /* TimerPresenter.swift in Sources */ = {isa = PBXBuildFile; fileRef = D5FBE26427FCDAF40034024A /* TimerPresenter.swift */; };
		D5FBE26A27FE28800034024A /* SpyWinViewController.swift in Sources */ = {isa = PBXBuildFile; fileRef = D5FBE26927FE28800034024A /* SpyWinViewController.swift */; };
		D5FBE26C27FE28A70034024A /* SpyWinPresenter.swift in Sources */ = {isa = PBXBuildFile; fileRef = D5FBE26B27FE28A70034024A /* SpyWinPresenter.swift */; };
/* End PBXBuildFile section */

/* Begin PBXFileReference section */
		D51D76C527E77A9B00BE01F7 /* Spy-game.app */ = {isa = PBXFileReference; explicitFileType = wrapper.application; includeInIndex = 0; path = "Spy-game.app"; sourceTree = BUILT_PRODUCTS_DIR; };
		D51D76C827E77A9B00BE01F7 /* AppDelegate.swift */ = {isa = PBXFileReference; lastKnownFileType = sourcecode.swift; path = AppDelegate.swift; sourceTree = "<group>"; };
		D51D76CA27E77A9B00BE01F7 /* SceneDelegate.swift */ = {isa = PBXFileReference; lastKnownFileType = sourcecode.swift; path = SceneDelegate.swift; sourceTree = "<group>"; };
		D51D76CC27E77A9B00BE01F7 /* StartViewController.swift */ = {isa = PBXFileReference; lastKnownFileType = sourcecode.swift; path = StartViewController.swift; sourceTree = "<group>"; };
		D51D76D127E77A9D00BE01F7 /* Assets.xcassets */ = {isa = PBXFileReference; lastKnownFileType = folder.assetcatalog; path = Assets.xcassets; sourceTree = "<group>"; };
		D51D76D427E77A9D00BE01F7 /* Base */ = {isa = PBXFileReference; lastKnownFileType = file.storyboard; name = Base; path = Base.lproj/LaunchScreen.storyboard; sourceTree = "<group>"; };
		D51D76D627E77A9D00BE01F7 /* Info.plist */ = {isa = PBXFileReference; lastKnownFileType = text.plist.xml; path = Info.plist; sourceTree = "<group>"; };
		D51D76E027E77F1D00BE01F7 /* Main.storyboard */ = {isa = PBXFileReference; lastKnownFileType = file.storyboard; path = Main.storyboard; sourceTree = "<group>"; };
		D51D76E627E794E100BE01F7 /* LabelExtension.swift */ = {isa = PBXFileReference; lastKnownFileType = sourcecode.swift; path = LabelExtension.swift; sourceTree = "<group>"; };
		D51D76E827E7958D00BE01F7 /* ButtonExtension.swift */ = {isa = PBXFileReference; lastKnownFileType = sourcecode.swift; path = ButtonExtension.swift; sourceTree = "<group>"; };
		D51D76EC27E86CD900BE01F7 /* FontExtensions.swift */ = {isa = PBXFileReference; lastKnownFileType = sourcecode.swift; path = FontExtensions.swift; sourceTree = "<group>"; };
		D51D76EE27E8739200BE01F7 /* StartScreenPresenter.swift */ = {isa = PBXFileReference; lastKnownFileType = sourcecode.swift; path = StartScreenPresenter.swift; sourceTree = "<group>"; };
		D51D76F127E8792400BE01F7 /* Router.swift */ = {isa = PBXFileReference; lastKnownFileType = sourcecode.swift; path = Router.swift; sourceTree = "<group>"; };
		D51D76F327E8795900BE01F7 /* ModuleBuilder.swift */ = {isa = PBXFileReference; lastKnownFileType = sourcecode.swift; path = ModuleBuilder.swift; sourceTree = "<group>"; };
		D55CF48E27F4E394007C7196 /* AddPlayersViewController.swift */ = {isa = PBXFileReference; lastKnownFileType = sourcecode.swift; path = AddPlayersViewController.swift; sourceTree = "<group>"; };
		D55CF49227F4E3E7007C7196 /* AddPlayersPresenter.swift */ = {isa = PBXFileReference; lastKnownFileType = sourcecode.swift; path = AddPlayersPresenter.swift; sourceTree = "<group>"; };
		D55CF49827F4EAF9007C7196 /* CustomCell.swift */ = {isa = PBXFileReference; lastKnownFileType = sourcecode.swift; path = CustomCell.swift; sourceTree = "<group>"; };
		D56409A22804BC28004D4D90 /* Rules.swift */ = {isa = PBXFileReference; lastKnownFileType = sourcecode.swift; path = Rules.swift; sourceTree = "<group>"; };
		D56B601627F9A40900446962 /* SpyGameViewController.swift */ = {isa = PBXFileReference; lastKnownFileType = sourcecode.swift; path = SpyGameViewController.swift; sourceTree = "<group>"; };
		D56B601927F9A4D100446962 /* SpyGamePresenter.swift */ = {isa = PBXFileReference; lastKnownFileType = sourcecode.swift; path = SpyGamePresenter.swift; sourceTree = "<group>"; };
		D56B601D27F9F9F200446962 /* DictionaryExtension.swift */ = {isa = PBXFileReference; lastKnownFileType = sourcecode.swift; path = DictionaryExtension.swift; sourceTree = "<group>"; };
		D56B601F27FA3E0900446962 /* TextsForTitle.swift */ = {isa = PBXFileReference; lastKnownFileType = sourcecode.swift; path = TextsForTitle.swift; sourceTree = "<group>"; };
		D57503172803246A00A866C2 /* Spy-game-Bridging-Header.h */ = {isa = PBXFileReference; lastKnownFileType = sourcecode.c.h; path = "Spy-game-Bridging-Header.h"; sourceTree = "<group>"; };
		D57503182803246B00A866C2 /* UIScrollView+EmptyDataSet.m */ = {isa = PBXFileReference; fileEncoding = 4; lastKnownFileType = sourcecode.c.objc; path = "UIScrollView+EmptyDataSet.m"; sourceTree = "<group>"; };
		D57503192803246B00A866C2 /* UIScrollView+EmptyDataSet.h */ = {isa = PBXFileReference; fileEncoding = 4; lastKnownFileType = sourcecode.c.h; path = "UIScrollView+EmptyDataSet.h"; sourceTree = "<group>"; };
		D575031C280324C100A866C2 /* AddPlayersViewControllerExtension.swift */ = {isa = PBXFileReference; lastKnownFileType = sourcecode.swift; path = AddPlayersViewControllerExtension.swift; sourceTree = "<group>"; };
		D575031E28034DB500A866C2 /* ReadyStartGamveViewController.swift */ = {isa = PBXFileReference; lastKnownFileType = sourcecode.swift; path = ReadyStartGamveViewController.swift; sourceTree = "<group>"; };
		D575032028034DF400A866C2 /* ReadyStartGamePresenter.swift */ = {isa = PBXFileReference; lastKnownFileType = sourcecode.swift; path = ReadyStartGamePresenter.swift; sourceTree = "<group>"; };
		D58A91E7280725B3001382CF /* StoreKit.framework */ = {isa = PBXFileReference; lastKnownFileType = wrapper.framework; name = StoreKit.framework; path = System/Library/Frameworks/StoreKit.framework; sourceTree = SDKROOT; };
		D58A91E9280729C0001382CF /* DonateViewController.swift */ = {isa = PBXFileReference; lastKnownFileType = sourcecode.swift; path = DonateViewController.swift; sourceTree = "<group>"; };
		D58A91EB280729ED001382CF /* DonatePresenter.swift */ = {isa = PBXFileReference; lastKnownFileType = sourcecode.swift; path = DonatePresenter.swift; sourceTree = "<group>"; };
		D59CCC2B28005126007AFB17 /* EndGameViewController.swift */ = {isa = PBXFileReference; lastKnownFileType = sourcecode.swift; path = EndGameViewController.swift; sourceTree = "<group>"; };
		D59CCC2D28005167007AFB17 /* EndGamePresenter.swift */ = {isa = PBXFileReference; lastKnownFileType = sourcecode.swift; path = EndGamePresenter.swift; sourceTree = "<group>"; };
		D5DD7F6727FF660900C3C5B3 /* StopTimerViewController.swift */ = {isa = PBXFileReference; lastKnownFileType = sourcecode.swift; path = StopTimerViewController.swift; sourceTree = "<group>"; };
		D5DD7F6927FF664200C3C5B3 /* StopTimerPresenter.swift */ = {isa = PBXFileReference; lastKnownFileType = sourcecode.swift; path = StopTimerPresenter.swift; sourceTree = "<group>"; };
		D5E178AC27EC75CD001E3268 /* LocationsViewController.swift */ = {isa = PBXFileReference; lastKnownFileType = sourcecode.swift; path = LocationsViewController.swift; sourceTree = "<group>"; };
		D5E178B027EC7686001E3268 /* LocationsPresenter.swift */ = {isa = PBXFileReference; lastKnownFileType = sourcecode.swift; path = LocationsPresenter.swift; sourceTree = "<group>"; };
		D5E178B327F38593001E3268 /* myCell.swift */ = {isa = PBXFileReference; lastKnownFileType = sourcecode.swift; path = myCell.swift; sourceTree = "<group>"; };
		D5F7FAFE27E9C79A00A96110 /* CreateGameViewController.swift */ = {isa = PBXFileReference; lastKnownFileType = sourcecode.swift; path = CreateGameViewController.swift; sourceTree = "<group>"; };
		D5F7FB0427E9C8BF00A96110 /* CreateGamePresenter.swift */ = {isa = PBXFileReference; lastKnownFileType = sourcecode.swift; path = CreateGamePresenter.swift; sourceTree = "<group>"; };
		D5F7FB0627E9EFA000A96110 /* RulesViewController.swift */ = {isa = PBXFileReference; lastKnownFileType = sourcecode.swift; path = RulesViewController.swift; sourceTree = "<group>"; };
		D5F7FB0C27E9F02F00A96110 /* RulesPresenter.swift */ = {isa = PBXFileReference; lastKnownFileType = sourcecode.swift; path = RulesPresenter.swift; sourceTree = "<group>"; };
		D5F7FB0E27E9FEBA00A96110 /* ViewWithLabelAndButtons.swift */ = {isa = PBXFileReference; lastKnownFileType = sourcecode.swift; path = ViewWithLabelAndButtons.swift; sourceTree = "<group>"; };
		D5F7FB1127EA5FEA00A96110 /* GameSettingModel.swift */ = {isa = PBXFileReference; lastKnownFileType = sourcecode.swift; path = GameSettingModel.swift; sourceTree = "<group>"; };
		D5FBE26227FCDAA90034024A /* TimerViewController.swift */ = {isa = PBXFileReference; lastKnownFileType = sourcecode.swift; path = TimerViewController.swift; sourceTree = "<group>"; };
		D5FBE26427FCDAF40034024A /* TimerPresenter.swift */ = {isa = PBXFileReference; lastKnownFileType = sourcecode.swift; path = TimerPresenter.swift; sourceTree = "<group>"; };
		D5FBE26927FE28800034024A /* SpyWinViewController.swift */ = {isa = PBXFileReference; lastKnownFileType = sourcecode.swift; path = SpyWinViewController.swift; sourceTree = "<group>"; };
		D5FBE26B27FE28A70034024A /* SpyWinPresenter.swift */ = {isa = PBXFileReference; lastKnownFileType = sourcecode.swift; path = SpyWinPresenter.swift; sourceTree = "<group>"; };
/* End PBXFileReference section */

/* Begin PBXFrameworksBuildPhase section */
		D51D76C227E77A9B00BE01F7 /* Frameworks */ = {
			isa = PBXFrameworksBuildPhase;
			buildActionMask = 2147483647;
			files = (
				D58A91E8280725B3001382CF /* StoreKit.framework in Frameworks */,
			);
			runOnlyForDeploymentPostprocessing = 0;
		};
/* End PBXFrameworksBuildPhase section */

/* Begin PBXGroup section */
		D51D76BC27E77A9B00BE01F7 = {
			isa = PBXGroup;
			children = (
				D51D76C727E77A9B00BE01F7 /* Spy-game */,
				D51D76C627E77A9B00BE01F7 /* Products */,
				D58A91E6280725B3001382CF /* Frameworks */,
			);
			sourceTree = "<group>";
		};
		D51D76C627E77A9B00BE01F7 /* Products */ = {
			isa = PBXGroup;
			children = (
				D51D76C527E77A9B00BE01F7 /* Spy-game.app */,
			);
			name = Products;
			sourceTree = "<group>";
		};
		D51D76C727E77A9B00BE01F7 /* Spy-game */ = {
			isa = PBXGroup;
			children = (
				D51D76F327E8795900BE01F7 /* ModuleBuilder.swift */,
				D51D76F127E8792400BE01F7 /* Router.swift */,
				D55CF48D27F4E2A9007C7196 /* SpyGameModules */,
				D5F7FB1027E9FEC100A96110 /* CustomUIView */,
				D51D76EA27E8636000BE01F7 /* UIKitExtensions */,
				D57503172803246A00A866C2 /* Spy-game-Bridging-Header.h */,
				D575031B2803247800A866C2 /* EmptyDataSet */,
				D51D76F027E8783A00BE01F7 /* SupportingFiles */,
				D58A91E9280729C0001382CF /* DonateViewController.swift */,
				D58A91EB280729ED001382CF /* DonatePresenter.swift */,
			);
			path = "Spy-game";
			sourceTree = "<group>";
		};
		D51D76DC27E77C6400BE01F7 /* StartScreenModule */ = {
			isa = PBXGroup;
			children = (
				D51D76DF27E77CA500BE01F7 /* Model */,
				D51D76DD27E77C8E00BE01F7 /* View */,
				D51D76DE27E77C9700BE01F7 /* Presenter */,
			);
			path = StartScreenModule;
			sourceTree = "<group>";
		};
		D51D76DD27E77C8E00BE01F7 /* View */ = {
			isa = PBXGroup;
			children = (
				D51D76CC27E77A9B00BE01F7 /* StartViewController.swift */,
			);
			path = View;
			sourceTree = "<group>";
		};
		D51D76DE27E77C9700BE01F7 /* Presenter */ = {
			isa = PBXGroup;
			children = (
				D51D76EE27E8739200BE01F7 /* StartScreenPresenter.swift */,
			);
			path = Presenter;
			sourceTree = "<group>";
		};
		D51D76DF27E77CA500BE01F7 /* Model */ = {
			isa = PBXGroup;
			children = (
			);
			path = Model;
			sourceTree = "<group>";
		};
		D51D76EA27E8636000BE01F7 /* UIKitExtensions */ = {
			isa = PBXGroup;
			children = (
				D51D76E627E794E100BE01F7 /* LabelExtension.swift */,
				D51D76E827E7958D00BE01F7 /* ButtonExtension.swift */,
				D51D76EC27E86CD900BE01F7 /* FontExtensions.swift */,
				D56B601D27F9F9F200446962 /* DictionaryExtension.swift */,
			);
			path = UIKitExtensions;
			sourceTree = "<group>";
		};
		D51D76F027E8783A00BE01F7 /* SupportingFiles */ = {
			isa = PBXGroup;
			children = (
				D51D76C827E77A9B00BE01F7 /* AppDelegate.swift */,
				D51D76CA27E77A9B00BE01F7 /* SceneDelegate.swift */,
				D51D76D327E77A9D00BE01F7 /* LaunchScreen.storyboard */,
				D51D76E027E77F1D00BE01F7 /* Main.storyboard */,
				D51D76D627E77A9D00BE01F7 /* Info.plist */,
				D51D76D127E77A9D00BE01F7 /* Assets.xcassets */,
			);
			path = SupportingFiles;
			sourceTree = "<group>";
		};
		D55CF48D27F4E2A9007C7196 /* SpyGameModules */ = {
			isa = PBXGroup;
			children = (
				D51D76DC27E77C6400BE01F7 /* StartScreenModule */,
				D5F7FB0127E9C7E800A96110 /* CreateGameScreenModule */,
				D5E178AF27EC766B001E3268 /* LocationsModule */,
				D5F7FB0927E9EFB000A96110 /* RulesScreenModule */,
				D55CF49127F4E3CB007C7196 /* AddPlayersModule */,
				D56B601827F9A4BA00446962 /* SpyGameMainModule */,
				D57503242803546E00A866C2 /* ReadyStartGameModule */,
				D5FBE26827FCDC310034024A /* TimerGameModule */,
				D5FBE26F27FE2CAA0034024A /* SpyWinModule */,
				D59CCC2A2800504B007AFB17 /* VotingModule */,
				D59CCC31280052D7007AFB17 /* EndGameModule */,
			);
			path = SpyGameModules;
			sourceTree = "<group>";
		};
		D55CF49027F4E3BF007C7196 /* View */ = {
			isa = PBXGroup;
			children = (
				D55CF48E27F4E394007C7196 /* AddPlayersViewController.swift */,
				D55CF49827F4EAF9007C7196 /* CustomCell.swift */,
				D575031C280324C100A866C2 /* AddPlayersViewControllerExtension.swift */,
			);
			path = View;
			sourceTree = "<group>";
		};
		D55CF49127F4E3CB007C7196 /* AddPlayersModule */ = {
			isa = PBXGroup;
			children = (
				D55CF49027F4E3BF007C7196 /* View */,
				D55CF49427F4E452007C7196 /* Presenter */,
			);
			path = AddPlayersModule;
			sourceTree = "<group>";
		};
		D55CF49427F4E452007C7196 /* Presenter */ = {
			isa = PBXGroup;
			children = (
				D55CF49227F4E3E7007C7196 /* AddPlayersPresenter.swift */,
			);
			path = Presenter;
			sourceTree = "<group>";
		};
		D56B601827F9A4BA00446962 /* SpyGameMainModule */ = {
			isa = PBXGroup;
			children = (
				D56B601B27F9A4DA00446962 /* View */,
				D56B601C27F9A4E100446962 /* Presenter */,
			);
			path = SpyGameMainModule;
			sourceTree = "<group>";
		};
		D56B601B27F9A4DA00446962 /* View */ = {
			isa = PBXGroup;
			children = (
				D56B601627F9A40900446962 /* SpyGameViewController.swift */,
				D56B601F27FA3E0900446962 /* TextsForTitle.swift */,
			);
			path = View;
			sourceTree = "<group>";
		};
		D56B601C27F9A4E100446962 /* Presenter */ = {
			isa = PBXGroup;
			children = (
				D56B601927F9A4D100446962 /* SpyGamePresenter.swift */,
			);
			path = Presenter;
			sourceTree = "<group>";
		};
		D575031B2803247800A866C2 /* EmptyDataSet */ = {
			isa = PBXGroup;
			children = (
				D57503192803246B00A866C2 /* UIScrollView+EmptyDataSet.h */,
				D57503182803246B00A866C2 /* UIScrollView+EmptyDataSet.m */,
			);
			path = EmptyDataSet;
			sourceTree = "<group>";
		};
		D57503222803545B00A866C2 /* View */ = {
			isa = PBXGroup;
			children = (
				D575031E28034DB500A866C2 /* ReadyStartGamveViewController.swift */,
			);
			path = View;
			sourceTree = "<group>";
		};
		D57503232803546700A866C2 /* Presenter */ = {
			isa = PBXGroup;
			children = (
				D575032028034DF400A866C2 /* ReadyStartGamePresenter.swift */,
			);
			path = Presenter;
			sourceTree = "<group>";
		};
		D57503242803546E00A866C2 /* ReadyStartGameModule */ = {
			isa = PBXGroup;
			children = (
				D57503222803545B00A866C2 /* View */,
				D57503232803546700A866C2 /* Presenter */,
			);
			path = ReadyStartGameModule;
			sourceTree = "<group>";
		};
		D58A91E6280725B3001382CF /* Frameworks */ = {
			isa = PBXGroup;
			children = (
				D58A91E7280725B3001382CF /* StoreKit.framework */,
			);
			name = Frameworks;
			sourceTree = "<group>";
		};
		D59CCC2828005030007AFB17 /* Presenter */ = {
			isa = PBXGroup;
			children = (
				D5DD7F6927FF664200C3C5B3 /* StopTimerPresenter.swift */,
			);
			path = Presenter;
			sourceTree = "<group>";
		};
		D59CCC292800503E007AFB17 /* View */ = {
			isa = PBXGroup;
			children = (
				D5DD7F6727FF660900C3C5B3 /* StopTimerViewController.swift */,
			);
			path = View;
			sourceTree = "<group>";
		};
		D59CCC2A2800504B007AFB17 /* VotingModule */ = {
			isa = PBXGroup;
			children = (
				D59CCC292800503E007AFB17 /* View */,
				D59CCC2828005030007AFB17 /* Presenter */,
			);
			path = VotingModule;
			sourceTree = "<group>";
		};
		D59CCC2F280052C9007AFB17 /* Presenter */ = {
			isa = PBXGroup;
			children = (
				D59CCC2D28005167007AFB17 /* EndGamePresenter.swift */,
			);
			path = Presenter;
			sourceTree = "<group>";
		};
		D59CCC30280052D0007AFB17 /* View */ = {
			isa = PBXGroup;
			children = (
				D59CCC2B28005126007AFB17 /* EndGameViewController.swift */,
			);
			path = View;
			sourceTree = "<group>";
		};
		D59CCC31280052D7007AFB17 /* EndGameModule */ = {
			isa = PBXGroup;
			children = (
				D59CCC30280052D0007AFB17 /* View */,
				D59CCC2F280052C9007AFB17 /* Presenter */,
			);
			path = EndGameModule;
			sourceTree = "<group>";
		};
		D5E178AE27EC7664001E3268 /* View */ = {
			isa = PBXGroup;
			children = (
				D5E178AC27EC75CD001E3268 /* LocationsViewController.swift */,
				D5E178B327F38593001E3268 /* myCell.swift */,
			);
			path = View;
			sourceTree = "<group>";
		};
		D5E178AF27EC766B001E3268 /* LocationsModule */ = {
			isa = PBXGroup;
			children = (
				D5E178AE27EC7664001E3268 /* View */,
				D5E178B227EC76AC001E3268 /* Presenter */,
			);
			path = LocationsModule;
			sourceTree = "<group>";
		};
		D5E178B227EC76AC001E3268 /* Presenter */ = {
			isa = PBXGroup;
			children = (
				D5E178B027EC7686001E3268 /* LocationsPresenter.swift */,
			);
			path = Presenter;
			sourceTree = "<group>";
		};
		D5F7FB0027E9C7E100A96110 /* View */ = {
			isa = PBXGroup;
			children = (
				D5F7FAFE27E9C79A00A96110 /* CreateGameViewController.swift */,
			);
			path = View;
			sourceTree = "<group>";
		};
		D5F7FB0127E9C7E800A96110 /* CreateGameScreenModule */ = {
			isa = PBXGroup;
			children = (
				D5F7FB0327E9C81200A96110 /* Model */,
				D5F7FB0027E9C7E100A96110 /* View */,
				D5F7FB0227E9C7FE00A96110 /* Presenter */,
			);
			path = CreateGameScreenModule;
			sourceTree = "<group>";
		};
		D5F7FB0227E9C7FE00A96110 /* Presenter */ = {
			isa = PBXGroup;
			children = (
				D5F7FB0427E9C8BF00A96110 /* CreateGamePresenter.swift */,
			);
			path = Presenter;
			sourceTree = "<group>";
		};
		D5F7FB0327E9C81200A96110 /* Model */ = {
			isa = PBXGroup;
			children = (
				D5F7FB1127EA5FEA00A96110 /* GameSettingModel.swift */,
			);
			path = Model;
			sourceTree = "<group>";
		};
		D5F7FB0827E9EFA500A96110 /* View */ = {
			isa = PBXGroup;
			children = (
				D5F7FB0627E9EFA000A96110 /* RulesViewController.swift */,
			);
			path = View;
			sourceTree = "<group>";
		};
		D5F7FB0927E9EFB000A96110 /* RulesScreenModule */ = {
			isa = PBXGroup;
			children = (
				D5F7FB0A27E9EFDE00A96110 /* Model */,
				D5F7FB0827E9EFA500A96110 /* View */,
				D5F7FB0B27E9EFE600A96110 /* Presenter */,
			);
			path = RulesScreenModule;
			sourceTree = "<group>";
		};
		D5F7FB0A27E9EFDE00A96110 /* Model */ = {
			isa = PBXGroup;
			children = (
				D56409A22804BC28004D4D90 /* Rules.swift */,
			);
			path = Model;
			sourceTree = "<group>";
		};
		D5F7FB0B27E9EFE600A96110 /* Presenter */ = {
			isa = PBXGroup;
			children = (
				D5F7FB0C27E9F02F00A96110 /* RulesPresenter.swift */,
			);
			path = Presenter;
			sourceTree = "<group>";
		};
		D5F7FB1027E9FEC100A96110 /* CustomUIView */ = {
			isa = PBXGroup;
			children = (
				D5F7FB0E27E9FEBA00A96110 /* ViewWithLabelAndButtons.swift */,
			);
			path = CustomUIView;
			sourceTree = "<group>";
		};
		D5FBE26627FCDC0C0034024A /* Presenter */ = {
			isa = PBXGroup;
			children = (
				D5FBE26427FCDAF40034024A /* TimerPresenter.swift */,
			);
			path = Presenter;
			sourceTree = "<group>";
		};
		D5FBE26727FCDC2A0034024A /* View */ = {
			isa = PBXGroup;
			children = (
				D5FBE26227FCDAA90034024A /* TimerViewController.swift */,
			);
			path = View;
			sourceTree = "<group>";
		};
		D5FBE26827FCDC310034024A /* TimerGameModule */ = {
			isa = PBXGroup;
			children = (
				D5FBE26727FCDC2A0034024A /* View */,
				D5FBE26627FCDC0C0034024A /* Presenter */,
			);
			path = TimerGameModule;
			sourceTree = "<group>";
		};
		D5FBE26D27FE2C940034024A /* SpyWinPresenter */ = {
			isa = PBXGroup;
			children = (
				D5FBE26B27FE28A70034024A /* SpyWinPresenter.swift */,
			);
			path = SpyWinPresenter;
			sourceTree = "<group>";
		};
		D5FBE26E27FE2CA00034024A /* View */ = {
			isa = PBXGroup;
			children = (
				D5FBE26927FE28800034024A /* SpyWinViewController.swift */,
			);
			path = View;
			sourceTree = "<group>";
		};
		D5FBE26F27FE2CAA0034024A /* SpyWinModule */ = {
			isa = PBXGroup;
			children = (
				D5FBE26E27FE2CA00034024A /* View */,
				D5FBE26D27FE2C940034024A /* SpyWinPresenter */,
			);
			path = SpyWinModule;
			sourceTree = "<group>";
		};
/* End PBXGroup section */

/* Begin PBXNativeTarget section */
		D51D76C427E77A9B00BE01F7 /* Spy-game */ = {
			isa = PBXNativeTarget;
			buildConfigurationList = D51D76D927E77A9D00BE01F7 /* Build configuration list for PBXNativeTarget "Spy-game" */;
			buildPhases = (
				D51D76C127E77A9B00BE01F7 /* Sources */,
				D51D76C227E77A9B00BE01F7 /* Frameworks */,
				D51D76C327E77A9B00BE01F7 /* Resources */,
			);
			buildRules = (
			);
			dependencies = (
			);
			name = "Spy-game";
			productName = "Spy-game";
			productReference = D51D76C527E77A9B00BE01F7 /* Spy-game.app */;
			productType = "com.apple.product-type.application";
		};
/* End PBXNativeTarget section */

/* Begin PBXProject section */
		D51D76BD27E77A9B00BE01F7 /* Project object */ = {
			isa = PBXProject;
			attributes = {
				BuildIndependentTargetsInParallel = 1;
				LastSwiftUpdateCheck = 1310;
				LastUpgradeCheck = 1310;
				TargetAttributes = {
					D51D76C427E77A9B00BE01F7 = {
						CreatedOnToolsVersion = 13.1;
						LastSwiftMigration = 1310;
					};
				};
			};
			buildConfigurationList = D51D76C027E77A9B00BE01F7 /* Build configuration list for PBXProject "Spy-game" */;
			compatibilityVersion = "Xcode 13.0";
			developmentRegion = en;
			hasScannedForEncodings = 0;
			knownRegions = (
				en,
				Base,
			);
			mainGroup = D51D76BC27E77A9B00BE01F7;
			productRefGroup = D51D76C627E77A9B00BE01F7 /* Products */;
			projectDirPath = "";
			projectRoot = "";
			targets = (
				D51D76C427E77A9B00BE01F7 /* Spy-game */,
			);
		};
/* End PBXProject section */

/* Begin PBXResourcesBuildPhase section */
		D51D76C327E77A9B00BE01F7 /* Resources */ = {
			isa = PBXResourcesBuildPhase;
			buildActionMask = 2147483647;
			files = (
				D51D76E127E77F1D00BE01F7 /* Main.storyboard in Resources */,
				D51D76D527E77A9D00BE01F7 /* LaunchScreen.storyboard in Resources */,
				D51D76D227E77A9D00BE01F7 /* Assets.xcassets in Resources */,
			);
			runOnlyForDeploymentPostprocessing = 0;
		};
/* End PBXResourcesBuildPhase section */

/* Begin PBXSourcesBuildPhase section */
		D51D76C127E77A9B00BE01F7 /* Sources */ = {
			isa = PBXSourcesBuildPhase;
			buildActionMask = 2147483647;
			files = (
				D51D76F227E8792400BE01F7 /* Router.swift in Sources */,
				D5E178B427F38593001E3268 /* myCell.swift in Sources */,
				D55CF48F27F4E394007C7196 /* AddPlayersViewController.swift in Sources */,
				D56B601727F9A40900446962 /* SpyGameViewController.swift in Sources */,
				D51D76CD27E77A9B00BE01F7 /* StartViewController.swift in Sources */,
				D51D76E727E794E100BE01F7 /* LabelExtension.swift in Sources */,
				D59CCC2C28005126007AFB17 /* EndGameViewController.swift in Sources */,
				D5DD7F6827FF660900C3C5B3 /* StopTimerViewController.swift in Sources */,
				D575031F28034DB500A866C2 /* ReadyStartGamveViewController.swift in Sources */,
				D5E178B127EC7686001E3268 /* LocationsPresenter.swift in Sources */,
				D5E178AD27EC75CD001E3268 /* LocationsViewController.swift in Sources */,
				D5F7FB1227EA5FEA00A96110 /* GameSettingModel.swift in Sources */,
				D55CF49327F4E3E7007C7196 /* AddPlayersPresenter.swift in Sources */,
				D5FBE26327FCDAA90034024A /* TimerViewController.swift in Sources */,
				D5F7FAFF27E9C79A00A96110 /* CreateGameViewController.swift in Sources */,
				D51D76ED27E86CD900BE01F7 /* FontExtensions.swift in Sources */,
				D5F7FB0527E9C8BF00A96110 /* CreateGamePresenter.swift in Sources */,
				D51D76C927E77A9B00BE01F7 /* AppDelegate.swift in Sources */,
				D575032128034DF400A866C2 /* ReadyStartGamePresenter.swift in Sources */,
				D58A91EC280729ED001382CF /* DonatePresenter.swift in Sources */,
				D56B601A27F9A4D100446962 /* SpyGamePresenter.swift in Sources */,
				D56B601E27F9F9F200446962 /* DictionaryExtension.swift in Sources */,
				D51D76F427E8795900BE01F7 /* ModuleBuilder.swift in Sources */,
				D575031D280324C100A866C2 /* AddPlayersViewControllerExtension.swift in Sources */,
				D51D76EF27E8739200BE01F7 /* StartScreenPresenter.swift in Sources */,
				D51D76E927E7958D00BE01F7 /* ButtonExtension.swift in Sources */,
				D56B602027FA3E0900446962 /* TextsForTitle.swift in Sources */,
				D59CCC2E28005167007AFB17 /* EndGamePresenter.swift in Sources */,
				D5F7FB0D27E9F02F00A96110 /* RulesPresenter.swift in Sources */,
				D5FBE26A27FE28800034024A /* SpyWinViewController.swift in Sources */,
				D5F7FB0727E9EFA000A96110 /* RulesViewController.swift in Sources */,
				D5FBE26527FCDAF40034024A /* TimerPresenter.swift in Sources */,
				D58A91EA280729C0001382CF /* DonateViewController.swift in Sources */,
				D5DD7F6A27FF664200C3C5B3 /* StopTimerPresenter.swift in Sources */,
				D51D76CB27E77A9B00BE01F7 /* SceneDelegate.swift in Sources */,
				D575031A2803246B00A866C2 /* UIScrollView+EmptyDataSet.m in Sources */,
				D55CF49927F4EAF9007C7196 /* CustomCell.swift in Sources */,
				D56409A32804BC28004D4D90 /* Rules.swift in Sources */,
				D5F7FB0F27E9FEBA00A96110 /* ViewWithLabelAndButtons.swift in Sources */,
				D5FBE26C27FE28A70034024A /* SpyWinPresenter.swift in Sources */,
			);
			runOnlyForDeploymentPostprocessing = 0;
		};
/* End PBXSourcesBuildPhase section */

/* Begin PBXVariantGroup section */
		D51D76D327E77A9D00BE01F7 /* LaunchScreen.storyboard */ = {
			isa = PBXVariantGroup;
			children = (
				D51D76D427E77A9D00BE01F7 /* Base */,
			);
			name = LaunchScreen.storyboard;
			sourceTree = "<group>";
		};
/* End PBXVariantGroup section */

/* Begin XCBuildConfiguration section */
		D51D76D727E77A9D00BE01F7 /* Debug */ = {
			isa = XCBuildConfiguration;
			buildSettings = {
				ALWAYS_SEARCH_USER_PATHS = NO;
				CLANG_ANALYZER_NONNULL = YES;
				CLANG_ANALYZER_NUMBER_OBJECT_CONVERSION = YES_AGGRESSIVE;
				CLANG_CXX_LANGUAGE_STANDARD = "gnu++17";
				CLANG_CXX_LIBRARY = "libc++";
				CLANG_ENABLE_MODULES = YES;
				CLANG_ENABLE_OBJC_ARC = YES;
				CLANG_ENABLE_OBJC_WEAK = YES;
				CLANG_WARN_BLOCK_CAPTURE_AUTORELEASING = YES;
				CLANG_WARN_BOOL_CONVERSION = YES;
				CLANG_WARN_COMMA = YES;
				CLANG_WARN_CONSTANT_CONVERSION = YES;
				CLANG_WARN_DEPRECATED_OBJC_IMPLEMENTATIONS = YES;
				CLANG_WARN_DIRECT_OBJC_ISA_USAGE = YES_ERROR;
				CLANG_WARN_DOCUMENTATION_COMMENTS = YES;
				CLANG_WARN_EMPTY_BODY = YES;
				CLANG_WARN_ENUM_CONVERSION = YES;
				CLANG_WARN_INFINITE_RECURSION = YES;
				CLANG_WARN_INT_CONVERSION = YES;
				CLANG_WARN_NON_LITERAL_NULL_CONVERSION = YES;
				CLANG_WARN_OBJC_IMPLICIT_RETAIN_SELF = YES;
				CLANG_WARN_OBJC_LITERAL_CONVERSION = YES;
				CLANG_WARN_OBJC_ROOT_CLASS = YES_ERROR;
				CLANG_WARN_QUOTED_INCLUDE_IN_FRAMEWORK_HEADER = YES;
				CLANG_WARN_RANGE_LOOP_ANALYSIS = YES;
				CLANG_WARN_STRICT_PROTOTYPES = YES;
				CLANG_WARN_SUSPICIOUS_MOVE = YES;
				CLANG_WARN_UNGUARDED_AVAILABILITY = YES_AGGRESSIVE;
				CLANG_WARN_UNREACHABLE_CODE = YES;
				CLANG_WARN__DUPLICATE_METHOD_MATCH = YES;
				COPY_PHASE_STRIP = NO;
				DEBUG_INFORMATION_FORMAT = dwarf;
				ENABLE_STRICT_OBJC_MSGSEND = YES;
				ENABLE_TESTABILITY = YES;
				GCC_C_LANGUAGE_STANDARD = gnu11;
				GCC_DYNAMIC_NO_PIC = NO;
				GCC_NO_COMMON_BLOCKS = YES;
				GCC_OPTIMIZATION_LEVEL = 0;
				GCC_PREPROCESSOR_DEFINITIONS = (
					"DEBUG=1",
					"$(inherited)",
				);
				GCC_WARN_64_TO_32_BIT_CONVERSION = YES;
				GCC_WARN_ABOUT_RETURN_TYPE = YES_ERROR;
				GCC_WARN_UNDECLARED_SELECTOR = YES;
				GCC_WARN_UNINITIALIZED_AUTOS = YES_AGGRESSIVE;
				GCC_WARN_UNUSED_FUNCTION = YES;
				GCC_WARN_UNUSED_VARIABLE = YES;
				IPHONEOS_DEPLOYMENT_TARGET = 13.0;
				MTL_ENABLE_DEBUG_INFO = INCLUDE_SOURCE;
				MTL_FAST_MATH = YES;
				ONLY_ACTIVE_ARCH = YES;
				SDKROOT = iphoneos;
				SWIFT_ACTIVE_COMPILATION_CONDITIONS = DEBUG;
				SWIFT_OPTIMIZATION_LEVEL = "-Onone";
			};
			name = Debug;
		};
		D51D76D827E77A9D00BE01F7 /* Release */ = {
			isa = XCBuildConfiguration;
			buildSettings = {
				ALWAYS_SEARCH_USER_PATHS = NO;
				CLANG_ANALYZER_NONNULL = YES;
				CLANG_ANALYZER_NUMBER_OBJECT_CONVERSION = YES_AGGRESSIVE;
				CLANG_CXX_LANGUAGE_STANDARD = "gnu++17";
				CLANG_CXX_LIBRARY = "libc++";
				CLANG_ENABLE_MODULES = YES;
				CLANG_ENABLE_OBJC_ARC = YES;
				CLANG_ENABLE_OBJC_WEAK = YES;
				CLANG_WARN_BLOCK_CAPTURE_AUTORELEASING = YES;
				CLANG_WARN_BOOL_CONVERSION = YES;
				CLANG_WARN_COMMA = YES;
				CLANG_WARN_CONSTANT_CONVERSION = YES;
				CLANG_WARN_DEPRECATED_OBJC_IMPLEMENTATIONS = YES;
				CLANG_WARN_DIRECT_OBJC_ISA_USAGE = YES_ERROR;
				CLANG_WARN_DOCUMENTATION_COMMENTS = YES;
				CLANG_WARN_EMPTY_BODY = YES;
				CLANG_WARN_ENUM_CONVERSION = YES;
				CLANG_WARN_INFINITE_RECURSION = YES;
				CLANG_WARN_INT_CONVERSION = YES;
				CLANG_WARN_NON_LITERAL_NULL_CONVERSION = YES;
				CLANG_WARN_OBJC_IMPLICIT_RETAIN_SELF = YES;
				CLANG_WARN_OBJC_LITERAL_CONVERSION = YES;
				CLANG_WARN_OBJC_ROOT_CLASS = YES_ERROR;
				CLANG_WARN_QUOTED_INCLUDE_IN_FRAMEWORK_HEADER = YES;
				CLANG_WARN_RANGE_LOOP_ANALYSIS = YES;
				CLANG_WARN_STRICT_PROTOTYPES = YES;
				CLANG_WARN_SUSPICIOUS_MOVE = YES;
				CLANG_WARN_UNGUARDED_AVAILABILITY = YES_AGGRESSIVE;
				CLANG_WARN_UNREACHABLE_CODE = YES;
				CLANG_WARN__DUPLICATE_METHOD_MATCH = YES;
				COPY_PHASE_STRIP = NO;
				DEBUG_INFORMATION_FORMAT = "dwarf-with-dsym";
				ENABLE_NS_ASSERTIONS = NO;
				ENABLE_STRICT_OBJC_MSGSEND = YES;
				GCC_C_LANGUAGE_STANDARD = gnu11;
				GCC_NO_COMMON_BLOCKS = YES;
				GCC_WARN_64_TO_32_BIT_CONVERSION = YES;
				GCC_WARN_ABOUT_RETURN_TYPE = YES_ERROR;
				GCC_WARN_UNDECLARED_SELECTOR = YES;
				GCC_WARN_UNINITIALIZED_AUTOS = YES_AGGRESSIVE;
				GCC_WARN_UNUSED_FUNCTION = YES;
				GCC_WARN_UNUSED_VARIABLE = YES;
				IPHONEOS_DEPLOYMENT_TARGET = 13.0;
				MTL_ENABLE_DEBUG_INFO = NO;
				MTL_FAST_MATH = YES;
				SDKROOT = iphoneos;
				SWIFT_COMPILATION_MODE = wholemodule;
				SWIFT_OPTIMIZATION_LEVEL = "-O";
				VALIDATE_PRODUCT = YES;
			};
			name = Release;
		};
		D51D76DA27E77A9D00BE01F7 /* Debug */ = {
			isa = XCBuildConfiguration;
			buildSettings = {
				ASSETCATALOG_COMPILER_APPICON_NAME = AppIcon;
				ASSETCATALOG_COMPILER_GLOBAL_ACCENT_COLOR_NAME = AccentColor;
				CLANG_ENABLE_MODULES = YES;
				CODE_SIGN_STYLE = Automatic;
				CURRENT_PROJECT_VERSION = 1;
				DEVELOPMENT_TEAM = UJLV2F74LA;
				GENERATE_INFOPLIST_FILE = YES;
				INFOPLIST_FILE = "Spy-game/SupportingFiles/Info.plist";
				INFOPLIST_KEY_UIApplicationSupportsIndirectInputEvents = YES;
				INFOPLIST_KEY_UILaunchStoryboardName = LaunchScreen;
				INFOPLIST_KEY_UIMainStoryboardFile = Main;
				INFOPLIST_KEY_UIStatusBarHidden = NO;
				INFOPLIST_KEY_UISupportedInterfaceOrientations = UIInterfaceOrientationPortrait;
				INFOPLIST_KEY_UISupportedInterfaceOrientations_iPad = "UIInterfaceOrientationPortrait UIInterfaceOrientationPortraitUpsideDown UIInterfaceOrientationLandscapeLeft UIInterfaceOrientationLandscapeRight";
				INFOPLIST_KEY_UISupportedInterfaceOrientations_iPhone = "UIInterfaceOrientationPortrait UIInterfaceOrientationLandscapeLeft UIInterfaceOrientationLandscapeRight";
				IPHONEOS_DEPLOYMENT_TARGET = 13.0;
				LD_RUNPATH_SEARCH_PATHS = (
					"$(inherited)",
					"@executable_path/Frameworks",
				);
				MARKETING_VERSION = 1.0;
				PRODUCT_BUNDLE_IDENTIFIER = "Sega.Spy-game";
				PRODUCT_NAME = "$(TARGET_NAME)";
				SWIFT_EMIT_LOC_STRINGS = YES;
				SWIFT_OBJC_BRIDGING_HEADER = "Spy-game/Spy-game-Bridging-Header.h";
				SWIFT_OPTIMIZATION_LEVEL = "-Onone";
				SWIFT_VERSION = 5.0;
				TARGETED_DEVICE_FAMILY = 1;
			};
			name = Debug;
		};
		D51D76DB27E77A9D00BE01F7 /* Release */ = {
			isa = XCBuildConfiguration;
			buildSettings = {
				ASSETCATALOG_COMPILER_APPICON_NAME = AppIcon;
				ASSETCATALOG_COMPILER_GLOBAL_ACCENT_COLOR_NAME = AccentColor;
				CLANG_ENABLE_MODULES = YES;
				CODE_SIGN_STYLE = Automatic;
				CURRENT_PROJECT_VERSION = 1;
				DEVELOPMENT_TEAM = UJLV2F74LA;
				GENERATE_INFOPLIST_FILE = YES;
				INFOPLIST_FILE = "Spy-game/SupportingFiles/Info.plist";
				INFOPLIST_KEY_UIApplicationSupportsIndirectInputEvents = YES;
				INFOPLIST_KEY_UILaunchStoryboardName = LaunchScreen;
				INFOPLIST_KEY_UIMainStoryboardFile = Main;
				INFOPLIST_KEY_UIStatusBarHidden = NO;
				INFOPLIST_KEY_UISupportedInterfaceOrientations = UIInterfaceOrientationPortrait;
				INFOPLIST_KEY_UISupportedInterfaceOrientations_iPad = "UIInterfaceOrientationPortrait UIInterfaceOrientationPortraitUpsideDown UIInterfaceOrientationLandscapeLeft UIInterfaceOrientationLandscapeRight";
				INFOPLIST_KEY_UISupportedInterfaceOrientations_iPhone = "UIInterfaceOrientationPortrait UIInterfaceOrientationLandscapeLeft UIInterfaceOrientationLandscapeRight";
				IPHONEOS_DEPLOYMENT_TARGET = 13.0;
				LD_RUNPATH_SEARCH_PATHS = (
					"$(inherited)",
					"@executable_path/Frameworks",
				);
				MARKETING_VERSION = 1.0;
				PRODUCT_BUNDLE_IDENTIFIER = "Sega.Spy-game";
				PRODUCT_NAME = "$(TARGET_NAME)";
				SWIFT_EMIT_LOC_STRINGS = YES;
				SWIFT_OBJC_BRIDGING_HEADER = "Spy-game/Spy-game-Bridging-Header.h";
				SWIFT_VERSION = 5.0;
				TARGETED_DEVICE_FAMILY = 1;
			};
			name = Release;
		};
/* End XCBuildConfiguration section */

/* Begin XCConfigurationList section */
		D51D76C027E77A9B00BE01F7 /* Build configuration list for PBXProject "Spy-game" */ = {
			isa = XCConfigurationList;
			buildConfigurations = (
				D51D76D727E77A9D00BE01F7 /* Debug */,
				D51D76D827E77A9D00BE01F7 /* Release */,
			);
			defaultConfigurationIsVisible = 0;
			defaultConfigurationName = Release;
		};
		D51D76D927E77A9D00BE01F7 /* Build configuration list for PBXNativeTarget "Spy-game" */ = {
			isa = XCConfigurationList;
			buildConfigurations = (
				D51D76DA27E77A9D00BE01F7 /* Debug */,
				D51D76DB27E77A9D00BE01F7 /* Release */,
			);
			defaultConfigurationIsVisible = 0;
			defaultConfigurationName = Release;
		};
/* End XCConfigurationList section */
	};
	rootObject = D51D76BD27E77A9B00BE01F7 /* Project object */;
}
