// !$*UTF8*$!
{
	archiveVersion = 1;
	classes = {
	};
	objectVersion = 55;
	objects = {

/* Begin PBXBuildFile section */
		D51D76C927E77A9B00BE01F7 /* AppDelegate.swift in Sources */ = {isa = PBXBuildFile; fileRef = D51D76C827E77A9B00BE01F7 /* AppDelegate.swift */; };
		D51D76CB27E77A9B00BE01F7 /* SceneDelegate.swift in Sources */ = {isa = PBXBuildFile; fileRef = D51D76CA27E77A9B00BE01F7 /* SceneDelegate.swift */; };
		D51D76CD27E77A9B00BE01F7 /* StartViewController.swift in Sources */ = {isa = PBXBuildFile; fileRef = D51D76CC27E77A9B00BE01F7 /* StartViewController.swift */; };
		D51D76D227E77A9D00BE01F7 /* Assets.xcassets in Resources */ = {isa = PBXBuildFile; fileRef = D51D76D127E77A9D00BE01F7 /* Assets.xcassets */; };
		D51D76D527E77A9D00BE01F7 /* LaunchScreen.storyboard in Resources */ = {isa = PBXBuildFile; fileRef = D51D76D327E77A9D00BE01F7 /* LaunchScreen.storyboard */; };
		D51D76E127E77F1D00BE01F7 /* Main.storyboard in Resources */ = {isa = PBXBuildFile; fileRef = D51D76E027E77F1D00BE01F7 /* Main.storyboard */; };
		D51D76E727E794E100BE01F7 /* LabelExtension.swift in Sources */ = {isa = PBXBuildFile; fileRef = D51D76E627E794E100BE01F7 /* LabelExtension.swift */; };
		D51D76E927E7958D00BE01F7 /* ButtonExtension.swift in Sources */ = {isa = PBXBuildFile; fileRef = D51D76E827E7958D00BE01F7 /* ButtonExtension.swift */; };
		D51D76ED27E86CD900BE01F7 /* FontExtensions.swift in Sources */ = {isa = PBXBuildFile; fileRef = D51D76EC27E86CD900BE01F7 /* FontExtensions.swift */; };
		D51D76EF27E8739200BE01F7 /* StartScreenPresenter.swift in Sources */ = {isa = PBXBuildFile; fileRef = D51D76EE27E8739200BE01F7 /* StartScreenPresenter.swift */; };
		D51D76F227E8792400BE01F7 /* Router.swift in Sources */ = {isa = PBXBuildFile; fileRef = D51D76F127E8792400BE01F7 /* Router.swift */; };
		D51D76F427E8795900BE01F7 /* ModuleBuilder.swift in Sources */ = {isa = PBXBuildFile; fileRef = D51D76F327E8795900BE01F7 /* ModuleBuilder.swift */; };
		D5F7FAFF27E9C79A00A96110 /* CreateGameViewController.swift in Sources */ = {isa = PBXBuildFile; fileRef = D5F7FAFE27E9C79A00A96110 /* CreateGameViewController.swift */; };
		D5F7FB0527E9C8BF00A96110 /* CreateGamePresenter.swift in Sources */ = {isa = PBXBuildFile; fileRef = D5F7FB0427E9C8BF00A96110 /* CreateGamePresenter.swift */; };
		D5F7FB0727E9EFA000A96110 /* RulesViewController.swift in Sources */ = {isa = PBXBuildFile; fileRef = D5F7FB0627E9EFA000A96110 /* RulesViewController.swift */; };
		D5F7FB0D27E9F02F00A96110 /* RulesPresenter.swift in Sources */ = {isa = PBXBuildFile; fileRef = D5F7FB0C27E9F02F00A96110 /* RulesPresenter.swift */; };
		D5F7FB0F27E9FEBA00A96110 /* ViewWithLabelAndButtons.swift in Sources */ = {isa = PBXBuildFile; fileRef = D5F7FB0E27E9FEBA00A96110 /* ViewWithLabelAndButtons.swift */; };
/* End PBXBuildFile section */

/* Begin PBXFileReference section */
		D51D76C527E77A9B00BE01F7 /* Spy-game.app */ = {isa = PBXFileReference; explicitFileType = wrapper.application; includeInIndex = 0; path = "Spy-game.app"; sourceTree = BUILT_PRODUCTS_DIR; };
		D51D76C827E77A9B00BE01F7 /* AppDelegate.swift */ = {isa = PBXFileReference; lastKnownFileType = sourcecode.swift; path = AppDelegate.swift; sourceTree = "<group>"; };
		D51D76CA27E77A9B00BE01F7 /* SceneDelegate.swift */ = {isa = PBXFileReference; lastKnownFileType = sourcecode.swift; path = SceneDelegate.swift; sourceTree = "<group>"; };
		D51D76CC27E77A9B00BE01F7 /* StartViewController.swift */ = {isa = PBXFileReference; lastKnownFileType = sourcecode.swift; path = StartViewController.swift; sourceTree = "<group>"; };
		D51D76D127E77A9D00BE01F7 /* Assets.xcassets */ = {isa = PBXFileReference; lastKnownFileType = folder.assetcatalog; path = Assets.xcassets; sourceTree = "<group>"; };
		D51D76D427E77A9D00BE01F7 /* Base */ = {isa = PBXFileReference; lastKnownFileType = file.storyboard; name = Base; path = Base.lproj/LaunchScreen.storyboard; sourceTree = "<group>"; };
		D51D76D627E77A9D00BE01F7 /* Info.plist */ = {isa = PBXFileReference; lastKnownFileType = text.plist.xml; path = Info.plist; sourceTree = "<group>"; };
		D51D76E027E77F1D00BE01F7 /* Main.storyboard */ = {isa = PBXFileReference; lastKnownFileType = file.storyboard; path = Main.storyboard; sourceTree = "<group>"; };
		D51D76E627E794E100BE01F7 /* LabelExtension.swift */ = {isa = PBXFileReference; lastKnownFileType = sourcecode.swift; path = LabelExtension.swift; sourceTree = "<group>"; };
		D51D76E827E7958D00BE01F7 /* ButtonExtension.swift */ = {isa = PBXFileReference; lastKnownFileType = sourcecode.swift; path = ButtonExtension.swift; sourceTree = "<group>"; };
		D51D76EC27E86CD900BE01F7 /* FontExtensions.swift */ = {isa = PBXFileReference; lastKnownFileType = sourcecode.swift; path = FontExtensions.swift; sourceTree = "<group>"; };
		D51D76EE27E8739200BE01F7 /* StartScreenPresenter.swift */ = {isa = PBXFileReference; lastKnownFileType = sourcecode.swift; path = StartScreenPresenter.swift; sourceTree = "<group>"; };
		D51D76F127E8792400BE01F7 /* Router.swift */ = {isa = PBXFileReference; lastKnownFileType = sourcecode.swift; path = Router.swift; sourceTree = "<group>"; };
		D51D76F327E8795900BE01F7 /* ModuleBuilder.swift */ = {isa = PBXFileReference; lastKnownFileType = sourcecode.swift; path = ModuleBuilder.swift; sourceTree = "<group>"; };
		D5F7FAFE27E9C79A00A96110 /* CreateGameViewController.swift */ = {isa = PBXFileReference; lastKnownFileType = sourcecode.swift; path = CreateGameViewController.swift; sourceTree = "<group>"; };
		D5F7FB0427E9C8BF00A96110 /* CreateGamePresenter.swift */ = {isa = PBXFileReference; lastKnownFileType = sourcecode.swift; path = CreateGamePresenter.swift; sourceTree = "<group>"; };
		D5F7FB0627E9EFA000A96110 /* RulesViewController.swift */ = {isa = PBXFileReference; lastKnownFileType = sourcecode.swift; path = RulesViewController.swift; sourceTree = "<group>"; };
		D5F7FB0C27E9F02F00A96110 /* RulesPresenter.swift */ = {isa = PBXFileReference; lastKnownFileType = sourcecode.swift; path = RulesPresenter.swift; sourceTree = "<group>"; };
		D5F7FB0E27E9FEBA00A96110 /* ViewWithLabelAndButtons.swift */ = {isa = PBXFileReference; lastKnownFileType = sourcecode.swift; path = ViewWithLabelAndButtons.swift; sourceTree = "<group>"; };
/* End PBXFileReference section */

/* Begin PBXFrameworksBuildPhase section */
		D51D76C227E77A9B00BE01F7 /* Frameworks */ = {
			isa = PBXFrameworksBuildPhase;
			buildActionMask = 2147483647;
			files = (
			);
			runOnlyForDeploymentPostprocessing = 0;
		};
/* End PBXFrameworksBuildPhase section */

/* Begin PBXGroup section */
		D51D76BC27E77A9B00BE01F7 = {
			isa = PBXGroup;
			children = (
				D51D76C727E77A9B00BE01F7 /* Spy-game */,
				D51D76C627E77A9B00BE01F7 /* Products */,
			);
			sourceTree = "<group>";
		};
		D51D76C627E77A9B00BE01F7 /* Products */ = {
			isa = PBXGroup;
			children = (
				D51D76C527E77A9B00BE01F7 /* Spy-game.app */,
			);
			name = Products;
			sourceTree = "<group>";
		};
		D51D76C727E77A9B00BE01F7 /* Spy-game */ = {
			isa = PBXGroup;
			children = (
				D51D76F327E8795900BE01F7 /* ModuleBuilder.swift */,
				D51D76F127E8792400BE01F7 /* Router.swift */,
				D51D76DC27E77C6400BE01F7 /* StartScreenModule */,
				D5F7FB0127E9C7E800A96110 /* CreateGameScreenModule */,
				D5F7FB0927E9EFB000A96110 /* RulesScreenModule */,
				D5F7FB1027E9FEC100A96110 /* CustomUIView */,
				D51D76EA27E8636000BE01F7 /* UIKitExtensions */,
				D51D76F027E8783A00BE01F7 /* SupportingFiles */,
			);
			path = "Spy-game";
			sourceTree = "<group>";
		};
		D51D76DC27E77C6400BE01F7 /* StartScreenModule */ = {
			isa = PBXGroup;
			children = (
				D51D76DF27E77CA500BE01F7 /* Model */,
				D51D76DD27E77C8E00BE01F7 /* View */,
				D51D76DE27E77C9700BE01F7 /* Presenter */,
			);
			path = StartScreenModule;
			sourceTree = "<group>";
		};
		D51D76DD27E77C8E00BE01F7 /* View */ = {
			isa = PBXGroup;
			children = (
				D51D76CC27E77A9B00BE01F7 /* StartViewController.swift */,
			);
			path = View;
			sourceTree = "<group>";
		};
		D51D76DE27E77C9700BE01F7 /* Presenter */ = {
			isa = PBXGroup;
			children = (
				D51D76EE27E8739200BE01F7 /* StartScreenPresenter.swift */,
			);
			path = Presenter;
			sourceTree = "<group>";
		};
		D51D76DF27E77CA500BE01F7 /* Model */ = {
			isa = PBXGroup;
			children = (
			);
			path = Model;
			sourceTree = "<group>";
		};
		D51D76EA27E8636000BE01F7 /* UIKitExtensions */ = {
			isa = PBXGroup;
			children = (
				D51D76E627E794E100BE01F7 /* LabelExtension.swift */,
				D51D76E827E7958D00BE01F7 /* ButtonExtension.swift */,
				D51D76EC27E86CD900BE01F7 /* FontExtensions.swift */,
			);
			path = UIKitExtensions;
			sourceTree = "<group>";
		};
		D51D76F027E8783A00BE01F7 /* SupportingFiles */ = {
			isa = PBXGroup;
			children = (
				D51D76C827E77A9B00BE01F7 /* AppDelegate.swift */,
				D51D76CA27E77A9B00BE01F7 /* SceneDelegate.swift */,
				D51D76D327E77A9D00BE01F7 /* LaunchScreen.storyboard */,
				D51D76E027E77F1D00BE01F7 /* Main.storyboard */,
				D51D76D627E77A9D00BE01F7 /* Info.plist */,
				D51D76D127E77A9D00BE01F7 /* Assets.xcassets */,
			);
			path = SupportingFiles;
			sourceTree = "<group>";
		};
		D5F7FB0027E9C7E100A96110 /* View */ = {
			isa = PBXGroup;
			children = (
				D5F7FAFE27E9C79A00A96110 /* CreateGameViewController.swift */,
			);
			path = View;
			sourceTree = "<group>";
		};
		D5F7FB0127E9C7E800A96110 /* CreateGameScreenModule */ = {
			isa = PBXGroup;
			children = (
				D5F7FB0327E9C81200A96110 /* Model */,
				D5F7FB0027E9C7E100A96110 /* View */,
				D5F7FB0227E9C7FE00A96110 /* Presenter */,
			);
			path = CreateGameScreenModule;
			sourceTree = "<group>";
		};
		D5F7FB0227E9C7FE00A96110 /* Presenter */ = {
			isa = PBXGroup;
			children = (
				D5F7FB0427E9C8BF00A96110 /* CreateGamePresenter.swift */,
			);
			path = Presenter;
			sourceTree = "<group>";
		};
		D5F7FB0327E9C81200A96110 /* Model */ = {
			isa = PBXGroup;
			children = (
			);
			path = Model;
			sourceTree = "<group>";
		};
		D5F7FB0827E9EFA500A96110 /* View */ = {
			isa = PBXGroup;
			children = (
				D5F7FB0627E9EFA000A96110 /* RulesViewController.swift */,
			);
			path = View;
			sourceTree = "<group>";
		};
		D5F7FB0927E9EFB000A96110 /* RulesScreenModule */ = {
			isa = PBXGroup;
			children = (
				D5F7FB0A27E9EFDE00A96110 /* Model */,
				D5F7FB0827E9EFA500A96110 /* View */,
				D5F7FB0B27E9EFE600A96110 /* Presenter */,
			);
			path = RulesScreenModule;
			sourceTree = "<group>";
		};
		D5F7FB0A27E9EFDE00A96110 /* Model */ = {
			isa = PBXGroup;
			children = (
			);
			path = Model;
			sourceTree = "<group>";
		};
		D5F7FB0B27E9EFE600A96110 /* Presenter */ = {
			isa = PBXGroup;
			children = (
				D5F7FB0C27E9F02F00A96110 /* RulesPresenter.swift */,
			);
			path = Presenter;
			sourceTree = "<group>";
		};
		D5F7FB1027E9FEC100A96110 /* CustomUIView */ = {
			isa = PBXGroup;
			children = (
				D5F7FB0E27E9FEBA00A96110 /* ViewWithLabelAndButtons.swift */,
			);
			path = CustomUIView;
			sourceTree = "<group>";
		};
/* End PBXGroup section */

/* Begin PBXNativeTarget section */
		D51D76C427E77A9B00BE01F7 /* Spy-game */ = {
			isa = PBXNativeTarget;
			buildConfigurationList = D51D76D927E77A9D00BE01F7 /* Build configuration list for PBXNativeTarget "Spy-game" */;
			buildPhases = (
				D51D76C127E77A9B00BE01F7 /* Sources */,
				D51D76C227E77A9B00BE01F7 /* Frameworks */,
				D51D76C327E77A9B00BE01F7 /* Resources */,
			);
			buildRules = (
			);
			dependencies = (
			);
			name = "Spy-game";
			productName = "Spy-game";
			productReference = D51D76C527E77A9B00BE01F7 /* Spy-game.app */;
			productType = "com.apple.product-type.application";
		};
/* End PBXNativeTarget section */

/* Begin PBXProject section */
		D51D76BD27E77A9B00BE01F7 /* Project object */ = {
			isa = PBXProject;
			attributes = {
				BuildIndependentTargetsInParallel = 1;
				LastSwiftUpdateCheck = 1310;
				LastUpgradeCheck = 1310;
				TargetAttributes = {
					D51D76C427E77A9B00BE01F7 = {
						CreatedOnToolsVersion = 13.1;
					};
				};
			};
			buildConfigurationList = D51D76C027E77A9B00BE01F7 /* Build configuration list for PBXProject "Spy-game" */;
			compatibilityVersion = "Xcode 13.0";
			developmentRegion = en;
			hasScannedForEncodings = 0;
			knownRegions = (
				en,
				Base,
			);
			mainGroup = D51D76BC27E77A9B00BE01F7;
			productRefGroup = D51D76C627E77A9B00BE01F7 /* Products */;
			projectDirPath = "";
			projectRoot = "";
			targets = (
				D51D76C427E77A9B00BE01F7 /* Spy-game */,
			);
		};
/* End PBXProject section */

/* Begin PBXResourcesBuildPhase section */
		D51D76C327E77A9B00BE01F7 /* Resources */ = {
			isa = PBXResourcesBuildPhase;
			buildActionMask = 2147483647;
			files = (
				D51D76E127E77F1D00BE01F7 /* Main.storyboard in Resources */,
				D51D76D527E77A9D00BE01F7 /* LaunchScreen.storyboard in Resources */,
				D51D76D227E77A9D00BE01F7 /* Assets.xcassets in Resources */,
			);
			runOnlyForDeploymentPostprocessing = 0;
		};
/* End PBXResourcesBuildPhase section */

/* Begin PBXSourcesBuildPhase section */
		D51D76C127E77A9B00BE01F7 /* Sources */ = {
			isa = PBXSourcesBuildPhase;
			buildActionMask = 2147483647;
			files = (
				D51D76F227E8792400BE01F7 /* Router.swift in Sources */,
				D51D76CD27E77A9B00BE01F7 /* StartViewController.swift in Sources */,
				D51D76E727E794E100BE01F7 /* LabelExtension.swift in Sources */,
				D5F7FAFF27E9C79A00A96110 /* CreateGameViewController.swift in Sources */,
				D51D76ED27E86CD900BE01F7 /* FontExtensions.swift in Sources */,
				D5F7FB0527E9C8BF00A96110 /* CreateGamePresenter.swift in Sources */,
				D51D76C927E77A9B00BE01F7 /* AppDelegate.swift in Sources */,
				D51D76F427E8795900BE01F7 /* ModuleBuilder.swift in Sources */,
				D51D76EF27E8739200BE01F7 /* StartScreenPresenter.swift in Sources */,
				D51D76E927E7958D00BE01F7 /* ButtonExtension.swift in Sources */,
				D5F7FB0D27E9F02F00A96110 /* RulesPresenter.swift in Sources */,
				D5F7FB0727E9EFA000A96110 /* RulesViewController.swift in Sources */,
				D51D76CB27E77A9B00BE01F7 /* SceneDelegate.swift in Sources */,
				D5F7FB0F27E9FEBA00A96110 /* ViewWithLabelAndButtons.swift in Sources */,
			);
			runOnlyForDeploymentPostprocessing = 0;
		};
/* End PBXSourcesBuildPhase section */

/* Begin PBXVariantGroup section */
		D51D76D327E77A9D00BE01F7 /* LaunchScreen.storyboard */ = {
			isa = PBXVariantGroup;
			children = (
				D51D76D427E77A9D00BE01F7 /* Base */,
			);
			name = LaunchScreen.storyboard;
			sourceTree = "<group>";
		};
/* End PBXVariantGroup section */

/* Begin XCBuildConfiguration section */
		D51D76D727E77A9D00BE01F7 /* Debug */ = {
			isa = XCBuildConfiguration;
			buildSettings = {
				ALWAYS_SEARCH_USER_PATHS = NO;
				CLANG_ANALYZER_NONNULL = YES;
				CLANG_ANALYZER_NUMBER_OBJECT_CONVERSION = YES_AGGRESSIVE;
				CLANG_CXX_LANGUAGE_STANDARD = "gnu++17";
				CLANG_CXX_LIBRARY = "libc++";
				CLANG_ENABLE_MODULES = YES;
				CLANG_ENABLE_OBJC_ARC = YES;
				CLANG_ENABLE_OBJC_WEAK = YES;
				CLANG_WARN_BLOCK_CAPTURE_AUTORELEASING = YES;
				CLANG_WARN_BOOL_CONVERSION = YES;
				CLANG_WARN_COMMA = YES;
				CLANG_WARN_CONSTANT_CONVERSION = YES;
				CLANG_WARN_DEPRECATED_OBJC_IMPLEMENTATIONS = YES;
				CLANG_WARN_DIRECT_OBJC_ISA_USAGE = YES_ERROR;
				CLANG_WARN_DOCUMENTATION_COMMENTS = YES;
				CLANG_WARN_EMPTY_BODY = YES;
				CLANG_WARN_ENUM_CONVERSION = YES;
				CLANG_WARN_INFINITE_RECURSION = YES;
				CLANG_WARN_INT_CONVERSION = YES;
				CLANG_WARN_NON_LITERAL_NULL_CONVERSION = YES;
				CLANG_WARN_OBJC_IMPLICIT_RETAIN_SELF = YES;
				CLANG_WARN_OBJC_LITERAL_CONVERSION = YES;
				CLANG_WARN_OBJC_ROOT_CLASS = YES_ERROR;
				CLANG_WARN_QUOTED_INCLUDE_IN_FRAMEWORK_HEADER = YES;
				CLANG_WARN_RANGE_LOOP_ANALYSIS = YES;
				CLANG_WARN_STRICT_PROTOTYPES = YES;
				CLANG_WARN_SUSPICIOUS_MOVE = YES;
				CLANG_WARN_UNGUARDED_AVAILABILITY = YES_AGGRESSIVE;
				CLANG_WARN_UNREACHABLE_CODE = YES;
				CLANG_WARN__DUPLICATE_METHOD_MATCH = YES;
				COPY_PHASE_STRIP = NO;
				DEBUG_INFORMATION_FORMAT = dwarf;
				ENABLE_STRICT_OBJC_MSGSEND = YES;
				ENABLE_TESTABILITY = YES;
				GCC_C_LANGUAGE_STANDARD = gnu11;
				GCC_DYNAMIC_NO_PIC = NO;
				GCC_NO_COMMON_BLOCKS = YES;
				GCC_OPTIMIZATION_LEVEL = 0;
				GCC_PREPROCESSOR_DEFINITIONS = (
					"DEBUG=1",
					"$(inherited)",
				);
				GCC_WARN_64_TO_32_BIT_CONVERSION = YES;
				GCC_WARN_ABOUT_RETURN_TYPE = YES_ERROR;
				GCC_WARN_UNDECLARED_SELECTOR = YES;
				GCC_WARN_UNINITIALIZED_AUTOS = YES_AGGRESSIVE;
				GCC_WARN_UNUSED_FUNCTION = YES;
				GCC_WARN_UNUSED_VARIABLE = YES;
				IPHONEOS_DEPLOYMENT_TARGET = 15.0;
				MTL_ENABLE_DEBUG_INFO = INCLUDE_SOURCE;
				MTL_FAST_MATH = YES;
				ONLY_ACTIVE_ARCH = YES;
				SDKROOT = iphoneos;
				SWIFT_ACTIVE_COMPILATION_CONDITIONS = DEBUG;
				SWIFT_OPTIMIZATION_LEVEL = "-Onone";
			};
			name = Debug;
		};
		D51D76D827E77A9D00BE01F7 /* Release */ = {
			isa = XCBuildConfiguration;
			buildSettings = {
				ALWAYS_SEARCH_USER_PATHS = NO;
				CLANG_ANALYZER_NONNULL = YES;
				CLANG_ANALYZER_NUMBER_OBJECT_CONVERSION = YES_AGGRESSIVE;
				CLANG_CXX_LANGUAGE_STANDARD = "gnu++17";
				CLANG_CXX_LIBRARY = "libc++";
				CLANG_ENABLE_MODULES = YES;
				CLANG_ENABLE_OBJC_ARC = YES;
				CLANG_ENABLE_OBJC_WEAK = YES;
				CLANG_WARN_BLOCK_CAPTURE_AUTORELEASING = YES;
				CLANG_WARN_BOOL_CONVERSION = YES;
				CLANG_WARN_COMMA = YES;
				CLANG_WARN_CONSTANT_CONVERSION = YES;
				CLANG_WARN_DEPRECATED_OBJC_IMPLEMENTATIONS = YES;
				CLANG_WARN_DIRECT_OBJC_ISA_USAGE = YES_ERROR;
				CLANG_WARN_DOCUMENTATION_COMMENTS = YES;
				CLANG_WARN_EMPTY_BODY = YES;
				CLANG_WARN_ENUM_CONVERSION = YES;
				CLANG_WARN_INFINITE_RECURSION = YES;
				CLANG_WARN_INT_CONVERSION = YES;
				CLANG_WARN_NON_LITERAL_NULL_CONVERSION = YES;
				CLANG_WARN_OBJC_IMPLICIT_RETAIN_SELF = YES;
				CLANG_WARN_OBJC_LITERAL_CONVERSION = YES;
				CLANG_WARN_OBJC_ROOT_CLASS = YES_ERROR;
				CLANG_WARN_QUOTED_INCLUDE_IN_FRAMEWORK_HEADER = YES;
				CLANG_WARN_RANGE_LOOP_ANALYSIS = YES;
				CLANG_WARN_STRICT_PROTOTYPES = YES;
				CLANG_WARN_SUSPICIOUS_MOVE = YES;
				CLANG_WARN_UNGUARDED_AVAILABILITY = YES_AGGRESSIVE;
				CLANG_WARN_UNREACHABLE_CODE = YES;
				CLANG_WARN__DUPLICATE_METHOD_MATCH = YES;
				COPY_PHASE_STRIP = NO;
				DEBUG_INFORMATION_FORMAT = "dwarf-with-dsym";
				ENABLE_NS_ASSERTIONS = NO;
				ENABLE_STRICT_OBJC_MSGSEND = YES;
				GCC_C_LANGUAGE_STANDARD = gnu11;
				GCC_NO_COMMON_BLOCKS = YES;
				GCC_WARN_64_TO_32_BIT_CONVERSION = YES;
				GCC_WARN_ABOUT_RETURN_TYPE = YES_ERROR;
				GCC_WARN_UNDECLARED_SELECTOR = YES;
				GCC_WARN_UNINITIALIZED_AUTOS = YES_AGGRESSIVE;
				GCC_WARN_UNUSED_FUNCTION = YES;
				GCC_WARN_UNUSED_VARIABLE = YES;
				IPHONEOS_DEPLOYMENT_TARGET = 15.0;
				MTL_ENABLE_DEBUG_INFO = NO;
				MTL_FAST_MATH = YES;
				SDKROOT = iphoneos;
				SWIFT_COMPILATION_MODE = wholemodule;
				SWIFT_OPTIMIZATION_LEVEL = "-O";
				VALIDATE_PRODUCT = YES;
			};
			name = Release;
		};
		D51D76DA27E77A9D00BE01F7 /* Debug */ = {
			isa = XCBuildConfiguration;
			buildSettings = {
				ASSETCATALOG_COMPILER_APPICON_NAME = AppIcon;
				ASSETCATALOG_COMPILER_GLOBAL_ACCENT_COLOR_NAME = AccentColor;
				CODE_SIGN_STYLE = Automatic;
				CURRENT_PROJECT_VERSION = 1;
				DEVELOPMENT_TEAM = UJLV2F74LA;
				GENERATE_INFOPLIST_FILE = YES;
				INFOPLIST_FILE = "Spy-game/SupportingFiles/Info.plist";
				INFOPLIST_KEY_UIApplicationSupportsIndirectInputEvents = YES;
				INFOPLIST_KEY_UILaunchStoryboardName = LaunchScreen;
				INFOPLIST_KEY_UIMainStoryboardFile = Main;
				INFOPLIST_KEY_UISupportedInterfaceOrientations_iPad = "UIInterfaceOrientationPortrait UIInterfaceOrientationPortraitUpsideDown UIInterfaceOrientationLandscapeLeft UIInterfaceOrientationLandscapeRight";
				INFOPLIST_KEY_UISupportedInterfaceOrientations_iPhone = "UIInterfaceOrientationPortrait UIInterfaceOrientationLandscapeLeft UIInterfaceOrientationLandscapeRight";
				LD_RUNPATH_SEARCH_PATHS = (
					"$(inherited)",
					"@executable_path/Frameworks",
				);
				MARKETING_VERSION = 1.0;
				PRODUCT_BUNDLE_IDENTIFIER = "Sega.Spy-game";
				PRODUCT_NAME = "$(TARGET_NAME)";
				SWIFT_EMIT_LOC_STRINGS = YES;
				SWIFT_VERSION = 5.0;
				TARGETED_DEVICE_FAMILY = "1,2";
			};
			name = Debug;
		};
		D51D76DB27E77A9D00BE01F7 /* Release */ = {
			isa = XCBuildConfiguration;
			buildSettings = {
				ASSETCATALOG_COMPILER_APPICON_NAME = AppIcon;
				ASSETCATALOG_COMPILER_GLOBAL_ACCENT_COLOR_NAME = AccentColor;
				CODE_SIGN_STYLE = Automatic;
				CURRENT_PROJECT_VERSION = 1;
				DEVELOPMENT_TEAM = UJLV2F74LA;
				GENERATE_INFOPLIST_FILE = YES;
				INFOPLIST_FILE = "Spy-game/SupportingFiles/Info.plist";
				INFOPLIST_KEY_UIApplicationSupportsIndirectInputEvents = YES;
				INFOPLIST_KEY_UILaunchStoryboardName = LaunchScreen;
				INFOPLIST_KEY_UIMainStoryboardFile = Main;
				INFOPLIST_KEY_UISupportedInterfaceOrientations_iPad = "UIInterfaceOrientationPortrait UIInterfaceOrientationPortraitUpsideDown UIInterfaceOrientationLandscapeLeft UIInterfaceOrientationLandscapeRight";
				INFOPLIST_KEY_UISupportedInterfaceOrientations_iPhone = "UIInterfaceOrientationPortrait UIInterfaceOrientationLandscapeLeft UIInterfaceOrientationLandscapeRight";
				LD_RUNPATH_SEARCH_PATHS = (
					"$(inherited)",
					"@executable_path/Frameworks",
				);
				MARKETING_VERSION = 1.0;
				PRODUCT_BUNDLE_IDENTIFIER = "Sega.Spy-game";
				PRODUCT_NAME = "$(TARGET_NAME)";
				SWIFT_EMIT_LOC_STRINGS = YES;
				SWIFT_VERSION = 5.0;
				TARGETED_DEVICE_FAMILY = "1,2";
			};
			name = Release;
		};
/* End XCBuildConfiguration section */

/* Begin XCConfigurationList section */
		D51D76C027E77A9B00BE01F7 /* Build configuration list for PBXProject "Spy-game" */ = {
			isa = XCConfigurationList;
			buildConfigurations = (
				D51D76D727E77A9D00BE01F7 /* Debug */,
				D51D76D827E77A9D00BE01F7 /* Release */,
			);
			defaultConfigurationIsVisible = 0;
			defaultConfigurationName = Release;
		};
		D51D76D927E77A9D00BE01F7 /* Build configuration list for PBXNativeTarget "Spy-game" */ = {
			isa = XCConfigurationList;
			buildConfigurations = (
				D51D76DA27E77A9D00BE01F7 /* Debug */,
				D51D76DB27E77A9D00BE01F7 /* Release */,
			);
			defaultConfigurationIsVisible = 0;
			defaultConfigurationName = Release;
		};
/* End XCConfigurationList section */
	};
	rootObject = D51D76BD27E77A9B00BE01F7 /* Project object */;
}
